
Microsoft Visual Studio Solution File, Format Version 12.00
# Visual Studio 15
VisualStudioVersion = 15.0.28307.572
MinimumVisualStudioVersion = 10.0.40219.1
Project("{FAE04EC0-301F-11D3-BF4B-00C04F79EFBC}") = "NHibernate.Core", "NHibernate.Core\NHibernate.Core.csproj", "{51C77094-2C06-41FE-BBA8-9D05B693B25B}"
EndProject
Project("{FAE04EC0-301F-11D3-BF4B-00C04F79EFBC}") = "NHibernate.Web", "NHibernate.Web\NHibernate.Web.csproj", "{EF82AD85-3036-4DEA-B1F9-70FD91CC3C86}"
EndProject
Project("{FAE04EC0-301F-11D3-BF4B-00C04F79EFBC}") = "FluentHibernateDemo", "FluentHibernateDemo\FluentHibernateDemo.csproj", "{71DF5EAA-D453-483B-A773-498CF3AA8A15}"
EndProject
Project("{FAE04EC0-301F-11D3-BF4B-00C04F79EFBC}") = "RepositoryPatternDemo", "RepositoryPatternDemo\RepositoryPatternDemo.csproj", "{54363C7E-8750-4E0F-A362-1BA9AA17D89E}"
EndProject
Global
	GlobalSection(SolutionConfigurationPlatforms) = preSolution
		Debug|Any CPU = Debug|Any CPU
		Debug|ARM = Debug|ARM
		Debug|ARM64 = Debug|ARM64
		Debug|x64 = Debug|x64
		Debug|x86 = Debug|x86
		Release|Any CPU = Release|Any CPU
		Release|ARM = Release|ARM
		Release|ARM64 = Release|ARM64
		Release|x64 = Release|x64
		Release|x86 = Release|x86
	EndGlobalSection
	GlobalSection(ProjectConfigurationPlatforms) = postSolution
		{51C77094-2C06-41FE-BBA8-9D05B693B25B}.Debug|Any CPU.ActiveCfg = Debug|Any CPU
		{51C77094-2C06-41FE-BBA8-9D05B693B25B}.Debug|Any CPU.Build.0 = Debug|Any CPU
		{51C77094-2C06-41FE-BBA8-9D05B693B25B}.Debug|ARM.ActiveCfg = Debug|Any CPU
		{51C77094-2C06-41FE-BBA8-9D05B693B25B}.Debug|ARM.Build.0 = Debug|Any CPU
		{51C77094-2C06-41FE-BBA8-9D05B693B25B}.Debug|ARM64.ActiveCfg = Debug|Any CPU
		{51C77094-2C06-41FE-BBA8-9D05B693B25B}.Debug|ARM64.Build.0 = Debug|Any CPU
		{51C77094-2C06-41FE-BBA8-9D05B693B25B}.Debug|x64.ActiveCfg = Debug|Any CPU
		{51C77094-2C06-41FE-BBA8-9D05B693B25B}.Debug|x64.Build.0 = Debug|Any CPU
		{51C77094-2C06-41FE-BBA8-9D05B693B25B}.Debug|x86.ActiveCfg = Debug|Any CPU
		{51C77094-2C06-41FE-BBA8-9D05B693B25B}.Debug|x86.Build.0 = Debug|Any CPU
		{51C77094-2C06-41FE-BBA8-9D05B693B25B}.Release|Any CPU.ActiveCfg = Release|Any CPU
		{51C77094-2C06-41FE-BBA8-9D05B693B25B}.Release|Any CPU.Build.0 = Release|Any CPU
		{51C77094-2C06-41FE-BBA8-9D05B693B25B}.Release|ARM.ActiveCfg = Release|Any CPU
		{51C77094-2C06-41FE-BBA8-9D05B693B25B}.Release|ARM.Build.0 = Release|Any CPU
		{51C77094-2C06-41FE-BBA8-9D05B693B25B}.Release|ARM64.ActiveCfg = Release|Any CPU
		{51C77094-2C06-41FE-BBA8-9D05B693B25B}.Release|ARM64.Build.0 = Release|Any CPU
		{51C77094-2C06-41FE-BBA8-9D05B693B25B}.Release|x64.ActiveCfg = Release|Any CPU
		{51C77094-2C06-41FE-BBA8-9D05B693B25B}.Release|x64.Build.0 = Release|Any CPU
		{51C77094-2C06-41FE-BBA8-9D05B693B25B}.Release|x86.ActiveCfg = Release|Any CPU
		{51C77094-2C06-41FE-BBA8-9D05B693B25B}.Release|x86.Build.0 = Release|Any CPU
		{EF82AD85-3036-4DEA-B1F9-70FD91CC3C86}.Debug|Any CPU.ActiveCfg = Debug|Any CPU
		{EF82AD85-3036-4DEA-B1F9-70FD91CC3C86}.Debug|Any CPU.Build.0 = Debug|Any CPU
		{EF82AD85-3036-4DEA-B1F9-70FD91CC3C86}.Debug|ARM.ActiveCfg = Debug|Any CPU
		{EF82AD85-3036-4DEA-B1F9-70FD91CC3C86}.Debug|ARM.Build.0 = Debug|Any CPU
		{EF82AD85-3036-4DEA-B1F9-70FD91CC3C86}.Debug|ARM64.ActiveCfg = Debug|Any CPU
		{EF82AD85-3036-4DEA-B1F9-70FD91CC3C86}.Debug|ARM64.Build.0 = Debug|Any CPU
		{EF82AD85-3036-4DEA-B1F9-70FD91CC3C86}.Debug|x64.ActiveCfg = Debug|Any CPU
		{EF82AD85-3036-4DEA-B1F9-70FD91CC3C86}.Debug|x64.Build.0 = Debug|Any CPU
		{EF82AD85-3036-4DEA-B1F9-70FD91CC3C86}.Debug|x86.ActiveCfg = Debug|Any CPU
		{EF82AD85-3036-4DEA-B1F9-70FD91CC3C86}.Debug|x86.Build.0 = Debug|Any CPU
		{EF82AD85-3036-4DEA-B1F9-70FD91CC3C86}.Release|Any CPU.ActiveCfg = Release|Any CPU
		{EF82AD85-3036-4DEA-B1F9-70FD91CC3C86}.Release|Any CPU.Build.0 = Release|Any CPU
		{EF82AD85-3036-4DEA-B1F9-70FD91CC3C86}.Release|ARM.ActiveCfg = Release|Any CPU
		{EF82AD85-3036-4DEA-B1F9-70FD91CC3C86}.Release|ARM.Build.0 = Release|Any CPU
		{EF82AD85-3036-4DEA-B1F9-70FD91CC3C86}.Release|ARM64.ActiveCfg = Release|Any CPU
		{EF82AD85-3036-4DEA-B1F9-70FD91CC3C86}.Release|ARM64.Build.0 = Release|Any CPU
		{EF82AD85-3036-4DEA-B1F9-70FD91CC3C86}.Release|x64.ActiveCfg = Release|Any CPU
		{EF82AD85-3036-4DEA-B1F9-70FD91CC3C86}.Release|x64.Build.0 = Release|Any CPU
		{EF82AD85-3036-4DEA-B1F9-70FD91CC3C86}.Release|x86.ActiveCfg = Release|Any CPU
		{EF82AD85-3036-4DEA-B1F9-70FD91CC3C86}.Release|x86.Build.0 = Release|Any CPU
		{71DF5EAA-D453-483B-A773-498CF3AA8A15}.Debug|Any CPU.ActiveCfg = Debug|Any CPU
		{71DF5EAA-D453-483B-A773-498CF3AA8A15}.Debug|Any CPU.Build.0 = Debug|Any CPU
		{71DF5EAA-D453-483B-A773-498CF3AA8A15}.Debug|ARM.ActiveCfg = Debug|Any CPU
		{71DF5EAA-D453-483B-A773-498CF3AA8A15}.Debug|ARM.Build.0 = Debug|Any CPU
		{71DF5EAA-D453-483B-A773-498CF3AA8A15}.Debug|ARM64.ActiveCfg = Debug|Any CPU
		{71DF5EAA-D453-483B-A773-498CF3AA8A15}.Debug|ARM64.Build.0 = Debug|Any CPU
		{71DF5EAA-D453-483B-A773-498CF3AA8A15}.Debug|x64.ActiveCfg = Debug|Any CPU
		{71DF5EAA-D453-483B-A773-498CF3AA8A15}.Debug|x64.Build.0 = Debug|Any CPU
		{71DF5EAA-D453-483B-A773-498CF3AA8A15}.Debug|x86.ActiveCfg = Debug|Any CPU
		{71DF5EAA-D453-483B-A773-498CF3AA8A15}.Debug|x86.Build.0 = Debug|Any CPU
		{71DF5EAA-D453-483B-A773-498CF3AA8A15}.Release|Any CPU.ActiveCfg = Release|Any CPU
		{71DF5EAA-D453-483B-A773-498CF3AA8A15}.Release|Any CPU.Build.0 = Release|Any CPU
		{71DF5EAA-D453-483B-A773-498CF3AA8A15}.Release|ARM.ActiveCfg = Release|Any CPU
		{71DF5EAA-D453-483B-A773-498CF3AA8A15}.Release|ARM.Build.0 = Release|Any CPU
		{71DF5EAA-D453-483B-A773-498CF3AA8A15}.Release|ARM64.ActiveCfg = Release|Any CPU
		{71DF5EAA-D453-483B-A773-498CF3AA8A15}.Release|ARM64.Build.0 = Release|Any CPU
		{71DF5EAA-D453-483B-A773-498CF3AA8A15}.Release|x64.ActiveCfg = Release|Any CPU
		{71DF5EAA-D453-483B-A773-498CF3AA8A15}.Release|x64.Build.0 = Release|Any CPU
		{71DF5EAA-D453-483B-A773-498CF3AA8A15}.Release|x86.ActiveCfg = Release|Any CPU
		{71DF5EAA-D453-483B-A773-498CF3AA8A15}.Release|x86.Build.0 = Release|Any CPU
		{54363C7E-8750-4E0F-A362-1BA9AA17D89E}.Debug|Any CPU.ActiveCfg = Debug|Any CPU
		{54363C7E-8750-4E0F-A362-1BA9AA17D89E}.Debug|Any CPU.Build.0 = Debug|Any CPU
		{54363C7E-8750-4E0F-A362-1BA9AA17D89E}.Debug|ARM.ActiveCfg = Debug|Any CPU
		{54363C7E-8750-4E0F-A362-1BA9AA17D89E}.Debug|ARM.Build.0 = Debug|Any CPU
		{54363C7E-8750-4E0F-A362-1BA9AA17D89E}.Debug|ARM64.ActiveCfg = Debug|Any CPU
		{54363C7E-8750-4E0F-A362-1BA9AA17D89E}.Debug|ARM64.Build.0 = Debug|Any CPU
		{54363C7E-8750-4E0F-A362-1BA9AA17D89E}.Debug|x64.ActiveCfg = Debug|Any CPU
		{54363C7E-8750-4E0F-A362-1BA9AA17D89E}.Debug|x64.Build.0 = Debug|Any CPU
		{54363C7E-8750-4E0F-A362-1BA9AA17D89E}.Debug|x86.ActiveCfg = Debug|Any CPU
		{54363C7E-8750-4E0F-A362-1BA9AA17D89E}.Debug|x86.Build.0 = Debug|Any CPU
		{54363C7E-8750-4E0F-A362-1BA9AA17D89E}.Release|Any CPU.ActiveCfg = Release|Any CPU
		{54363C7E-8750-4E0F-A362-1BA9AA17D89E}.Release|Any CPU.Build.0 = Release|Any CPU
		{54363C7E-8750-4E0F-A362-1BA9AA17D89E}.Release|ARM.ActiveCfg = Release|Any CPU
		{54363C7E-8750-4E0F-A362-1BA9AA17D89E}.Release|ARM.Build.0 = Release|Any CPU
		{54363C7E-8750-4E0F-A362-1BA9AA17D89E}.Release|ARM64.ActiveCfg = Release|Any CPU
		{54363C7E-8750-4E0F-A362-1BA9AA17D89E}.Release|ARM64.Build.0 = Release|Any CPU
		{54363C7E-8750-4E0F-A362-1BA9AA17D89E}.Release|x64.ActiveCfg = Release|Any CPU
		{54363C7E-8750-4E0F-A362-1BA9AA17D89E}.Release|x64.Build.0 = Release|Any CPU
		{54363C7E-8750-4E0F-A362-1BA9AA17D89E}.Release|x86.ActiveCfg = Release|Any CPU
		{54363C7E-8750-4E0F-A362-1BA9AA17D89E}.Release|x86.Build.0 = Release|Any CPU
	EndGlobalSection
	GlobalSection(SolutionProperties) = preSolution
		HideSolutionNode = FALSE
	EndGlobalSection
	GlobalSection(ExtensibilityGlobals) = postSolution
		SolutionGuid = {CF1AE27E-AD27-4C34-BFCE-3C7AC0A92019}
	EndGlobalSection
EndGlobal
